
Microsoft Visual Studio Solution File, Format Version 12.00
# Visual Studio 15
VisualStudioVersion = 15.0.27130.2020
MinimumVisualStudioVersion = 10.0.40219.1
Project("{FAE04EC0-301F-11D3-BF4B-00C04F79EFBC}") = "DnzHost", "DnzHost\DnzHost.csproj", "{0B0DB1AC-8237-4A53-823C-AEF26652D5D9}"
EndProject
Global
	GlobalSection(SolutionConfigurationPlatforms) = preSolution
		Debug|Any CPU = Debug|Any CPU
		Release|Any CPU = Release|Any CPU
	EndGlobalSection
	GlobalSection(ProjectConfigurationPlatforms) = postSolution
		{0B0DB1AC-8237-4A53-823C-AEF26652D5D9}.Debug|Any CPU.ActiveCfg = Debug|Any CPU
		{0B0DB1AC-8237-4A53-823C-AEF26652D5D9}.Debug|Any CPU.Build.0 = Debug|Any CPU
		{0B0DB1AC-8237-4A53-823C-AEF26652D5D9}.Release|Any CPU.ActiveCfg = Release|Any CPU
		{0B0DB1AC-8237-4A53-823C-AEF26652D5D9}.Release|Any CPU.Build.0 = Release|Any CPU
	EndGlobalSection
	GlobalSection(SolutionProperties) = preSolution
		HideSolutionNode = FALSE
	EndGlobalSection
	GlobalSection(ExtensibilityGlobals) = postSolution
		SolutionGuid = {35668DC7-FF1E-4FFA-AE0E-16B243C1E726}
	EndGlobalSection
EndGlobal
